
Microsoft Visual Studio Solution File, Format Version 12.00
# Visual Studio Express 2012 for Windows Desktop
Project("{FAE04EC0-301F-11D3-BF4B-00C04F79EFBC}") = "StarDrive-mod", "StarDrive-mod.csproj", "{8161F522-7EEB-47A0-8143-A02AB395EB2A}"
EndProject
Project("{FAE04EC0-301F-11D3-BF4B-00C04F79EFBC}") = "ModEditor", "ModEditor\ModEditor.csproj", "{A2EC8778-A268-4DF2-9CC5-11DA824985C6}"
EndProject
Project("{FAE04EC0-301F-11D3-BF4B-00C04F79EFBC}") = "WinFormsContentLoading", "..\..\study\WinFormsContentSample_ARCHIVE_3_1\WinFormsContentLoadingSample\WinFormsContentLoading\WinFormsContentLoading.csproj", "{0679C323-EC65-40FA-854A-780F1FE4A00B}"
EndProject
Project("{FAE04EC0-301F-11D3-BF4B-00C04F79EFBC}") = "DockSample", "..\..\study\DockPanel_2.4_Source\Src\DockSample\DockSample.csproj", "{40793A27-478B-4357-B4C3-FC8943131F3D}"
EndProject
Global
	GlobalSection(SolutionConfigurationPlatforms) = preSolution
		Debug|Any CPU = Debug|Any CPU
		Debug|Mixed Platforms = Debug|Mixed Platforms
		Debug|x86 = Debug|x86
		Release|Any CPU = Release|Any CPU
		Release|Mixed Platforms = Release|Mixed Platforms
		Release|x86 = Release|x86
	EndGlobalSection
	GlobalSection(ProjectConfigurationPlatforms) = postSolution
		{8161F522-7EEB-47A0-8143-A02AB395EB2A}.Debug|Any CPU.ActiveCfg = Debug|x86
		{8161F522-7EEB-47A0-8143-A02AB395EB2A}.Debug|Mixed Platforms.ActiveCfg = Debug|x86
		{8161F522-7EEB-47A0-8143-A02AB395EB2A}.Debug|Mixed Platforms.Build.0 = Debug|x86
		{8161F522-7EEB-47A0-8143-A02AB395EB2A}.Debug|x86.ActiveCfg = Debug|x86
		{8161F522-7EEB-47A0-8143-A02AB395EB2A}.Debug|x86.Build.0 = Debug|x86
		{8161F522-7EEB-47A0-8143-A02AB395EB2A}.Release|Any CPU.ActiveCfg = Release|x86
		{8161F522-7EEB-47A0-8143-A02AB395EB2A}.Release|Any CPU.Build.0 = Release|x86
		{8161F522-7EEB-47A0-8143-A02AB395EB2A}.Release|Mixed Platforms.ActiveCfg = Release|x86
		{8161F522-7EEB-47A0-8143-A02AB395EB2A}.Release|Mixed Platforms.Build.0 = Release|x86
		{8161F522-7EEB-47A0-8143-A02AB395EB2A}.Release|x86.ActiveCfg = Release|x86
		{8161F522-7EEB-47A0-8143-A02AB395EB2A}.Release|x86.Build.0 = Release|x86
		{A2EC8778-A268-4DF2-9CC5-11DA824985C6}.Debug|Any CPU.ActiveCfg = Debug|Any CPU
		{A2EC8778-A268-4DF2-9CC5-11DA824985C6}.Debug|Any CPU.Build.0 = Debug|Any CPU
		{A2EC8778-A268-4DF2-9CC5-11DA824985C6}.Debug|Mixed Platforms.ActiveCfg = Debug|Any CPU
		{A2EC8778-A268-4DF2-9CC5-11DA824985C6}.Debug|Mixed Platforms.Build.0 = Debug|Any CPU
		{A2EC8778-A268-4DF2-9CC5-11DA824985C6}.Debug|x86.ActiveCfg = Debug|x86
		{A2EC8778-A268-4DF2-9CC5-11DA824985C6}.Debug|x86.Build.0 = Debug|x86
		{A2EC8778-A268-4DF2-9CC5-11DA824985C6}.Release|Any CPU.ActiveCfg = Release|Any CPU
		{A2EC8778-A268-4DF2-9CC5-11DA824985C6}.Release|Any CPU.Build.0 = Release|Any CPU
		{A2EC8778-A268-4DF2-9CC5-11DA824985C6}.Release|Mixed Platforms.ActiveCfg = Release|Any CPU
		{A2EC8778-A268-4DF2-9CC5-11DA824985C6}.Release|Mixed Platforms.Build.0 = Release|Any CPU
		{A2EC8778-A268-4DF2-9CC5-11DA824985C6}.Release|x86.ActiveCfg = Release|Any CPU
		{0679C323-EC65-40FA-854A-780F1FE4A00B}.Debug|Any CPU.ActiveCfg = Debug|x86
		{0679C323-EC65-40FA-854A-780F1FE4A00B}.Debug|Mixed Platforms.ActiveCfg = Debug|x86
		{0679C323-EC65-40FA-854A-780F1FE4A00B}.Debug|Mixed Platforms.Build.0 = Debug|x86
		{0679C323-EC65-40FA-854A-780F1FE4A00B}.Debug|x86.ActiveCfg = Debug|x86
		{0679C323-EC65-40FA-854A-780F1FE4A00B}.Debug|x86.Build.0 = Debug|x86
		{0679C323-EC65-40FA-854A-780F1FE4A00B}.Release|Any CPU.ActiveCfg = Release|x86
		{0679C323-EC65-40FA-854A-780F1FE4A00B}.Release|Mixed Platforms.ActiveCfg = Release|x86
		{0679C323-EC65-40FA-854A-780F1FE4A00B}.Release|Mixed Platforms.Build.0 = Release|x86
		{0679C323-EC65-40FA-854A-780F1FE4A00B}.Release|x86.ActiveCfg = Release|x86
		{0679C323-EC65-40FA-854A-780F1FE4A00B}.Release|x86.Build.0 = Release|x86
		{40793A27-478B-4357-B4C3-FC8943131F3D}.Debug|Any CPU.ActiveCfg = Debug|Any CPU
		{40793A27-478B-4357-B4C3-FC8943131F3D}.Debug|Any CPU.Build.0 = Debug|Any CPU
		{40793A27-478B-4357-B4C3-FC8943131F3D}.Debug|Mixed Platforms.ActiveCfg = Debug|Any CPU
		{40793A27-478B-4357-B4C3-FC8943131F3D}.Debug|Mixed Platforms.Build.0 = Debug|Any CPU
		{40793A27-478B-4357-B4C3-FC8943131F3D}.Debug|x86.ActiveCfg = Debug|Any CPU
		{40793A27-478B-4357-B4C3-FC8943131F3D}.Release|Any CPU.ActiveCfg = Release|Any CPU
		{40793A27-478B-4357-B4C3-FC8943131F3D}.Release|Any CPU.Build.0 = Release|Any CPU
		{40793A27-478B-4357-B4C3-FC8943131F3D}.Release|Mixed Platforms.ActiveCfg = Release|Any CPU
		{40793A27-478B-4357-B4C3-FC8943131F3D}.Release|Mixed Platforms.Build.0 = Release|Any CPU
		{40793A27-478B-4357-B4C3-FC8943131F3D}.Release|x86.ActiveCfg = Release|Any CPU
	EndGlobalSection
	GlobalSection(SolutionProperties) = preSolution
		HideSolutionNode = FALSE
	EndGlobalSection
EndGlobal
